{
  "nodes": {
    "aphrodite-terminal-theme": {
      "flake": false,
      "locked": {
        "lastModified": 1710846440,
        "narHash": "sha256-eu5qDIVmyaa2UO524AAbnuFa2SsAw6Mv+xhKlVWf7JM=",
        "owner": "win0err",
        "repo": "aphrodite-terminal-theme",
        "rev": "2c9e4c95ec34fbe32500f39c3f99cedb530a52f7",
        "type": "github"
      },
      "original": {
        "owner": "win0err",
        "repo": "aphrodite-terminal-theme",
        "type": "github"
      }
    },
    "colorout": {
      "flake": false,
      "locked": {
        "lastModified": 1729293833,
        "narHash": "sha256-RglnS3QS85598qC87uciW/d64mgeavUDccdXt+GKwFM=",
        "owner": "jalvesaq",
        "repo": "colorout",
        "rev": "2a5f21496162ea30684d2783e3a204f4756db4e8",
        "type": "github"
      },
      "original": {
        "owner": "jalvesaq",
        "repo": "colorout",
        "type": "github"
      }
    },
    "flake-compat": {
      "flake": false,
      "locked": {
        "lastModified": 1673956053,
        "narHash": "sha256-4gtG9iQuiKITOjNQQeQIpoIB6b16fm+504Ch3sNKLd8=",
        "owner": "edolstra",
        "repo": "flake-compat",
        "rev": "35bb57c0c8d8b62bbfd284272c928ceb64ddbde9",
        "type": "github"
      },
      "original": {
        "owner": "edolstra",
        "repo": "flake-compat",
        "type": "github"
      }
    },
    "flake-compat_2": {
      "flake": false,
      "locked": {
        "lastModified": 1673956053,
        "narHash": "sha256-4gtG9iQuiKITOjNQQeQIpoIB6b16fm+504Ch3sNKLd8=",
        "owner": "edolstra",
        "repo": "flake-compat",
        "rev": "35bb57c0c8d8b62bbfd284272c928ceb64ddbde9",
        "type": "github"
      },
      "original": {
        "owner": "edolstra",
        "repo": "flake-compat",
        "type": "github"
      }
    },
    "flake-compat_3": {
      "flake": false,
      "locked": {
        "lastModified": 1673956053,
        "narHash": "sha256-4gtG9iQuiKITOjNQQeQIpoIB6b16fm+504Ch3sNKLd8=",
        "owner": "edolstra",
        "repo": "flake-compat",
        "rev": "35bb57c0c8d8b62bbfd284272c928ceb64ddbde9",
        "type": "github"
      },
      "original": {
        "owner": "edolstra",
        "repo": "flake-compat",
        "type": "github"
      }
    },
    "flake-compat_4": {
      "flake": false,
      "locked": {
        "lastModified": 1673956053,
        "narHash": "sha256-4gtG9iQuiKITOjNQQeQIpoIB6b16fm+504Ch3sNKLd8=",
        "owner": "edolstra",
        "repo": "flake-compat",
        "rev": "35bb57c0c8d8b62bbfd284272c928ceb64ddbde9",
        "type": "github"
      },
      "original": {
        "owner": "edolstra",
        "repo": "flake-compat",
        "type": "github"
      }
    },
    "flake-compat_5": {
      "flake": false,
      "locked": {
        "lastModified": 1733328505,
        "narHash": "sha256-NeCCThCEP3eCl2l/+27kNNK7QrwZB1IJCrXfrbv5oqU=",
        "owner": "edolstra",
        "repo": "flake-compat",
        "rev": "ff81ac966bb2cae68946d5ed5fc4994f96d0ffec",
        "type": "github"
      },
      "original": {
        "owner": "edolstra",
        "repo": "flake-compat",
        "type": "github"
      }
    },
    "flake-compat_6": {
      "flake": false,
      "locked": {
        "lastModified": 1696426674,
        "narHash": "sha256-kvjfFW7WAETZlt09AgDn1MrtKzP7t90Vf7vypd3OL1U=",
        "owner": "edolstra",
        "repo": "flake-compat",
        "rev": "0f9255e01c2351cc7d116c072cb317785dd33b33",
        "type": "github"
      },
      "original": {
        "owner": "edolstra",
        "repo": "flake-compat",
        "type": "github"
      }
    },
    "flake-parts": {
      "inputs": {
        "nixpkgs-lib": "nixpkgs-lib"
      },
      "locked": {
        "lastModified": 1743550720,
        "narHash": "sha256-hIshGgKZCgWh6AYJpJmRgFdR3WUbkY04o82X05xqQiY=",
        "owner": "hercules-ci",
        "repo": "flake-parts",
        "rev": "c621e8422220273271f52058f618c94e405bb0f5",
        "type": "github"
      },
      "original": {
        "owner": "hercules-ci",
        "repo": "flake-parts",
        "type": "github"
      }
    },
    "flake-parts_2": {
      "inputs": {
        "nixpkgs-lib": [
          "neovim-nightly-overlay",
          "nixpkgs"
        ]
      },
      "locked": {
        "lastModified": 1743550720,
        "narHash": "sha256-hIshGgKZCgWh6AYJpJmRgFdR3WUbkY04o82X05xqQiY=",
        "owner": "hercules-ci",
        "repo": "flake-parts",
        "rev": "c621e8422220273271f52058f618c94e405bb0f5",
        "type": "github"
      },
      "original": {
        "owner": "hercules-ci",
        "repo": "flake-parts",
        "type": "github"
      }
    },
    "flake-parts_3": {
      "inputs": {
        "nixpkgs-lib": [
          "neovim-nightly-overlay",
          "hercules-ci-effects",
          "nixpkgs"
        ]
      },
      "locked": {
        "lastModified": 1741352980,
        "narHash": "sha256-+u2UunDA4Cl5Fci3m7S643HzKmIDAe+fiXrLqYsR2fs=",
        "owner": "hercules-ci",
        "repo": "flake-parts",
        "rev": "f4330d22f1c5d2ba72d3d22df5597d123fdb60a9",
        "type": "github"
      },
      "original": {
        "id": "flake-parts",
        "type": "indirect"
      }
    },
    "flake-parts_4": {
      "inputs": {
        "nixpkgs-lib": "nixpkgs-lib_2"
      },
      "locked": {
        "lastModified": 1743550720,
        "narHash": "sha256-hIshGgKZCgWh6AYJpJmRgFdR3WUbkY04o82X05xqQiY=",
        "owner": "hercules-ci",
        "repo": "flake-parts",
        "rev": "c621e8422220273271f52058f618c94e405bb0f5",
        "type": "github"
      },
      "original": {
        "owner": "hercules-ci",
        "repo": "flake-parts",
        "type": "github"
      }
    },
    "flake-parts_5": {
      "inputs": {
        "nixpkgs-lib": "nixpkgs-lib_3"
      },
      "locked": {
        "lastModified": 1741352980,
        "narHash": "sha256-+u2UunDA4Cl5Fci3m7S643HzKmIDAe+fiXrLqYsR2fs=",
        "owner": "hercules-ci",
        "repo": "flake-parts",
        "rev": "f4330d22f1c5d2ba72d3d22df5597d123fdb60a9",
        "type": "github"
      },
      "original": {
        "owner": "hercules-ci",
        "repo": "flake-parts",
        "type": "github"
      }
    },
    "flake-parts_6": {
      "inputs": {
        "nixpkgs-lib": "nixpkgs-lib_4"
      },
      "locked": {
        "lastModified": 1736143030,
        "narHash": "sha256-+hu54pAoLDEZT9pjHlqL9DNzWz0NbUn8NEAHP7PQPzU=",
        "owner": "hercules-ci",
        "repo": "flake-parts",
        "rev": "b905f6fc23a9051a6e1b741e1438dbfc0634c6de",
        "type": "github"
      },
      "original": {
        "owner": "hercules-ci",
        "repo": "flake-parts",
        "type": "github"
      }
    },
    "flake-utils": {
      "inputs": {
        "systems": "systems"
      },
      "locked": {
        "lastModified": 1681202837,
        "narHash": "sha256-H+Rh19JDwRtpVPAWp64F+rlEtxUWBAQW28eAi3SRSzg=",
        "owner": "numtide",
        "repo": "flake-utils",
        "rev": "cfacdce06f30d2b68473a46042957675eebb3401",
        "type": "github"
      },
      "original": {
        "owner": "numtide",
        "repo": "flake-utils",
        "type": "github"
      }
    },
    "flake-utils_2": {
      "inputs": {
        "systems": "systems_2"
      },
      "locked": {
        "lastModified": 1681202837,
        "narHash": "sha256-H+Rh19JDwRtpVPAWp64F+rlEtxUWBAQW28eAi3SRSzg=",
        "owner": "numtide",
        "repo": "flake-utils",
        "rev": "cfacdce06f30d2b68473a46042957675eebb3401",
        "type": "github"
      },
      "original": {
        "owner": "numtide",
        "repo": "flake-utils",
        "type": "github"
      }
    },
    "flake-utils_3": {
      "locked": {
        "lastModified": 1667395993,
        "narHash": "sha256-nuEHfE/LcWyuSWnS8t12N1wc105Qtau+/OdUAjtQ0rA=",
        "owner": "numtide",
        "repo": "flake-utils",
        "rev": "5aed5285a952e0b949eb3ba02c12fa4fcfef535f",
        "type": "github"
      },
      "original": {
        "owner": "numtide",
        "repo": "flake-utils",
        "type": "github"
      }
    },
    "flake-utils_4": {
      "inputs": {
        "systems": "systems_3"
      },
      "locked": {
        "lastModified": 1681202837,
        "narHash": "sha256-H+Rh19JDwRtpVPAWp64F+rlEtxUWBAQW28eAi3SRSzg=",
        "owner": "numtide",
        "repo": "flake-utils",
        "rev": "cfacdce06f30d2b68473a46042957675eebb3401",
        "type": "github"
      },
      "original": {
        "owner": "numtide",
        "repo": "flake-utils",
        "type": "github"
      }
    },
    "flake-utils_5": {
      "locked": {
        "lastModified": 1667395993,
        "narHash": "sha256-nuEHfE/LcWyuSWnS8t12N1wc105Qtau+/OdUAjtQ0rA=",
        "owner": "numtide",
        "repo": "flake-utils",
        "rev": "5aed5285a952e0b949eb3ba02c12fa4fcfef535f",
        "type": "github"
      },
      "original": {
        "owner": "numtide",
        "repo": "flake-utils",
        "type": "github"
      }
    },
    "flake-utils_6": {
      "locked": {
        "lastModified": 1667395993,
        "narHash": "sha256-nuEHfE/LcWyuSWnS8t12N1wc105Qtau+/OdUAjtQ0rA=",
        "owner": "numtide",
        "repo": "flake-utils",
        "rev": "5aed5285a952e0b949eb3ba02c12fa4fcfef535f",
        "type": "github"
      },
      "original": {
        "owner": "numtide",
        "repo": "flake-utils",
        "type": "github"
      }
    },
    "flake-utils_7": {
      "inputs": {
        "systems": "systems_9"
      },
      "locked": {
        "lastModified": 1694529238,
        "narHash": "sha256-zsNZZGTGnMOf9YpHKJqMSsa0dXbfmxeoJ7xHlrt+xmY=",
        "owner": "numtide",
        "repo": "flake-utils",
        "rev": "ff7b65b44d01cf9ba6a71320833626af21126384",
        "type": "github"
      },
      "original": {
        "owner": "numtide",
        "repo": "flake-utils",
        "type": "github"
      }
    },
    "ghci-dap": {
      "inputs": {
        "flake-utils": "flake-utils_2",
        "nixpkgs": "nixpkgs",
        "pre-commit-hooks": "pre-commit-hooks"
      },
      "locked": {
        "lastModified": 1682640639,
        "narHash": "sha256-Nsu9abxI3Un19ezOwmDaHwzhNv9yrSwWEIARu8YD7+Y=",
        "owner": "phoityne",
        "repo": "ghci-dap",
        "rev": "1f2a245420618519d636ba700277787b06345c35",
        "type": "github"
      },
      "original": {
        "owner": "phoityne",
        "repo": "ghci-dap",
        "type": "github"
      }
    },
    "git-hooks": {
      "inputs": {
        "flake-compat": "flake-compat_6",
        "gitignore": "gitignore_4",
        "nixpkgs": [
          "neovim-nightly-overlay",
          "nixpkgs"
        ]
      },
      "locked": {
        "lastModified": 1742649964,
        "narHash": "sha256-DwOTp7nvfi8mRfuL1escHDXabVXFGT1VlPD1JHrtrco=",
        "owner": "cachix",
        "repo": "git-hooks.nix",
        "rev": "dcf5072734cb576d2b0c59b2ac44f5050b5eac82",
        "type": "github"
      },
      "original": {
        "owner": "cachix",
        "repo": "git-hooks.nix",
        "type": "github"
      }
    },
    "gitignore": {
      "inputs": {
        "nixpkgs": [
          "haskell-debug-adapter",
          "ghci-dap",
          "pre-commit-hooks",
          "nixpkgs"
        ]
      },
      "locked": {
        "lastModified": 1660459072,
        "narHash": "sha256-8DFJjXG8zqoONA1vXtgeKXy68KdJL5UaXR8NtVMUbx8=",
        "owner": "hercules-ci",
        "repo": "gitignore.nix",
        "rev": "a20de23b925fd8264fd7fad6454652e142fd7f73",
        "type": "github"
      },
      "original": {
        "owner": "hercules-ci",
        "repo": "gitignore.nix",
        "type": "github"
      }
    },
    "gitignore_2": {
      "inputs": {
        "nixpkgs": [
          "haskell-debug-adapter",
          "haskell-dap",
          "pre-commit-hooks",
          "nixpkgs"
        ]
      },
      "locked": {
        "lastModified": 1660459072,
        "narHash": "sha256-8DFJjXG8zqoONA1vXtgeKXy68KdJL5UaXR8NtVMUbx8=",
        "owner": "hercules-ci",
        "repo": "gitignore.nix",
        "rev": "a20de23b925fd8264fd7fad6454652e142fd7f73",
        "type": "github"
      },
      "original": {
        "owner": "hercules-ci",
        "repo": "gitignore.nix",
        "type": "github"
      }
    },
    "gitignore_3": {
      "inputs": {
        "nixpkgs": [
          "haskell-debug-adapter",
          "pre-commit-hooks",
          "nixpkgs"
        ]
      },
      "locked": {
        "lastModified": 1660459072,
        "narHash": "sha256-8DFJjXG8zqoONA1vXtgeKXy68KdJL5UaXR8NtVMUbx8=",
        "owner": "hercules-ci",
        "repo": "gitignore.nix",
        "rev": "a20de23b925fd8264fd7fad6454652e142fd7f73",
        "type": "github"
      },
      "original": {
        "owner": "hercules-ci",
        "repo": "gitignore.nix",
        "type": "github"
      }
    },
    "gitignore_4": {
      "inputs": {
        "nixpkgs": [
          "neovim-nightly-overlay",
          "git-hooks",
          "nixpkgs"
        ]
      },
      "locked": {
        "lastModified": 1709087332,
        "narHash": "sha256-HG2cCnktfHsKV0s4XW83gU3F57gaTljL9KNSuG6bnQs=",
        "owner": "hercules-ci",
        "repo": "gitignore.nix",
        "rev": "637db329424fd7e46cf4185293b9cc8c88c95394",
        "type": "github"
      },
      "original": {
        "owner": "hercules-ci",
        "repo": "gitignore.nix",
        "type": "github"
      }
    },
    "grkstyle": {
      "flake": false,
      "locked": {
        "lastModified": 1698073028,
        "narHash": "sha256-yyI9BnAc7+GPzVWdVdCtE64kCXaHWDJ58+2MyhBBNRk=",
        "owner": "gadenbuie",
        "repo": "grkstyle",
        "rev": "53051cba7772fd087e730848fb172271715b679c",
        "type": "github"
      },
      "original": {
        "owner": "gadenbuie",
        "repo": "grkstyle",
        "type": "github"
      }
    },
    "haskell-dap": {
      "inputs": {
        "flake-utils": "flake-utils_4",
        "nixpkgs": "nixpkgs_2",
        "pre-commit-hooks": "pre-commit-hooks_2"
      },
      "locked": {
        "lastModified": 1682076556,
        "narHash": "sha256-qMQGonmlUX/Q6TfuNGAWcsoxj5BvFomDXqORefTjPnQ=",
        "owner": "phoityne",
        "repo": "haskell-dap",
        "rev": "87ce20532fc527eb205262fde16172ff4cca1242",
        "type": "github"
      },
      "original": {
        "owner": "phoityne",
        "repo": "haskell-dap",
        "type": "github"
      }
    },
    "haskell-debug-adapter": {
      "inputs": {
        "flake-compat": "flake-compat",
        "flake-utils": "flake-utils",
        "ghci-dap": "ghci-dap",
        "haskell-dap": "haskell-dap",
        "nixpkgs": [
          "nixpkgs"
        ],
        "pre-commit-hooks": "pre-commit-hooks_3"
      },
      "locked": {
        "lastModified": 1682755312,
        "narHash": "sha256-Pr99gb38sWOoKLZdwIT5i4EG1L2B0GkL2tR/4OEzZGM=",
        "owner": "phoityne",
        "repo": "haskell-debug-adapter",
        "rev": "8f31926595109ade331b6c314d862e0d00a5734a",
        "type": "github"
      },
      "original": {
        "owner": "phoityne",
        "repo": "haskell-debug-adapter",
        "rev": "8f31926595109ade331b6c314d862e0d00a5734a",
        "type": "github"
      }
    },
    "hercules-ci-effects": {
      "inputs": {
        "flake-parts": "flake-parts_3",
        "nixpkgs": [
          "neovim-nightly-overlay",
          "nixpkgs"
        ]
      },
      "locked": {
        "lastModified": 1742014779,
        "narHash": "sha256-I6fG1zrfdLFcp/imGZElig0BJO3YU0QEXLgvwWoOpJ8=",
        "owner": "hercules-ci",
        "repo": "hercules-ci-effects",
        "rev": "524637ef84c177661690b924bf64a1ce18072a2c",
        "type": "github"
      },
      "original": {
        "owner": "hercules-ci",
        "repo": "hercules-ci-effects",
        "type": "github"
      }
    },
    "home-manager": {
      "inputs": {
        "nixpkgs": [
          "nixpkgs"
        ]
      },
      "locked": {
        "lastModified": 1743788974,
        "narHash": "sha256-2LeVyQZI2wTkSzMLvnN/kJjXVWp4HCVUoq17Bv8TNTk=",
        "owner": "nix-community",
        "repo": "home-manager",
        "rev": "0f5908daf890c3d7e7052bef1d6deb0f2710aaa1",
        "type": "github"
      },
      "original": {
        "owner": "nix-community",
        "repo": "home-manager",
        "type": "github"
      }
    },
    "inkscape-figures": {
      "flake": false,
      "locked": {
        "lastModified": 1637347359,
        "narHash": "sha256-6znS/zTwEnJT0gmsJTc9Z/gJsReCkA32rzT86GHCaOw=",
        "owner": "gillescastel",
        "repo": "inkscape-figures",
        "rev": "02deea60751102641a7d6d9c6e8b535c0255f2eb",
        "type": "github"
      },
      "original": {
        "owner": "gillescastel",
        "repo": "inkscape-figures",
        "type": "github"
      }
    },
    "kanagawa-rstudio": {
      "flake": false,
      "locked": {
        "lastModified": 1725391011,
        "narHash": "sha256-0IgGbyLrdNnq9mEI6lnPNbrw99Q1K1dvOvwwExoyUoA=",
        "owner": "camartinezbu",
        "repo": "kanagawa-rstudio",
        "rev": "e59f255e7f2838a8d8e97004561f9ee525c0a434",
        "type": "github"
      },
      "original": {
        "owner": "camartinezbu",
        "repo": "kanagawa-rstudio",
        "type": "github"
      }
    },
    "menu-qalc": {
      "flake": false,
      "locked": {
        "lastModified": 1737323954,
        "narHash": "sha256-l+IQSgqHtow0j64SN3xu+GD3SlqZQy2/+tOVVdLckHY=",
        "owner": "Grazen0",
        "repo": "menu-qalc-wayland",
        "rev": "99ca4cbbbb528ff7c6a33dff5c40088397abfba2",
        "type": "github"
      },
      "original": {
        "owner": "Grazen0",
        "repo": "menu-qalc-wayland",
        "type": "github"
      }
    },
    "neovim-nightly-overlay": {
      "inputs": {
        "flake-compat": "flake-compat_5",
        "flake-parts": "flake-parts_2",
        "git-hooks": "git-hooks",
        "hercules-ci-effects": "hercules-ci-effects",
        "neovim-src": "neovim-src",
        "nixpkgs": [
          "nixpkgs"
        ],
        "treefmt-nix": "treefmt-nix"
      },
      "locked": {
        "lastModified": 1743825774,
        "narHash": "sha256-7sh2G01stnOdDHCcy1ELXeEGrQaCEQ5FH5cgkVr9G+8=",
        "owner": "nix-community",
        "repo": "neovim-nightly-overlay",
        "rev": "8c5c5d1c160110b186b1d6fe9c7302a82369d5f9",
        "type": "github"
      },
      "original": {
        "owner": "nix-community",
        "repo": "neovim-nightly-overlay",
        "type": "github"
      }
    },
    "neovim-src": {
      "flake": false,
      "locked": {
        "lastModified": 1743773673,
        "narHash": "sha256-Tg/bzD2vBjavOS4jUMQV60dwg5RzSpFsjQr/C3xbq9g=",
        "owner": "neovim",
        "repo": "neovim",
        "rev": "a8edf6e4459d7422c1a96e4f33e350090902dc61",
        "type": "github"
      },
      "original": {
        "owner": "neovim",
        "repo": "neovim",
        "type": "github"
      }
    },
    "nixos-hardware": {
      "locked": {
        "lastModified": 1743420942,
        "narHash": "sha256-b/exDDQSLmENZZgbAEI3qi9yHkuXAXCPbormD8CSJXo=",
        "owner": "nixos",
        "repo": "nixos-hardware",
        "rev": "de6fc5551121c59c01e2a3d45b277a6d05077bc4",
        "type": "github"
      },
      "original": {
        "owner": "nixos",
        "ref": "master",
        "repo": "nixos-hardware",
        "type": "github"
      }
    },
    "nixpkgs": {
      "locked": {
        "lastModified": 1681358109,
        "narHash": "sha256-eKyxW4OohHQx9Urxi7TQlFBTDWII+F+x2hklDOQPB50=",
        "owner": "nixos",
        "repo": "nixpkgs",
        "rev": "96ba1c52e54e74c3197f4d43026b3f3d92e83ff9",
        "type": "github"
      },
      "original": {
        "owner": "nixos",
        "ref": "nixpkgs-unstable",
        "repo": "nixpkgs",
        "type": "github"
      }
    },
    "nixpkgs-lib": {
      "locked": {
        "lastModified": 1743296961,
        "narHash": "sha256-b1EdN3cULCqtorQ4QeWgLMrd5ZGOjLSLemfa00heasc=",
        "owner": "nix-community",
        "repo": "nixpkgs.lib",
        "rev": "e4822aea2a6d1cdd36653c134cacfd64c97ff4fa",
        "type": "github"
      },
      "original": {
        "owner": "nix-community",
        "repo": "nixpkgs.lib",
        "type": "github"
      }
    },
    "nixpkgs-lib_2": {
      "locked": {
        "lastModified": 1743296961,
        "narHash": "sha256-b1EdN3cULCqtorQ4QeWgLMrd5ZGOjLSLemfa00heasc=",
        "owner": "nix-community",
        "repo": "nixpkgs.lib",
        "rev": "e4822aea2a6d1cdd36653c134cacfd64c97ff4fa",
        "type": "github"
      },
      "original": {
        "owner": "nix-community",
        "repo": "nixpkgs.lib",
        "type": "github"
      }
    },
    "nixpkgs-lib_3": {
      "locked": {
        "lastModified": 1740877520,
        "narHash": "sha256-oiwv/ZK/2FhGxrCkQkB83i7GnWXPPLzoqFHpDD3uYpk=",
        "owner": "nix-community",
        "repo": "nixpkgs.lib",
        "rev": "147dee35aab2193b174e4c0868bd80ead5ce755c",
        "type": "github"
      },
      "original": {
        "owner": "nix-community",
        "repo": "nixpkgs.lib",
        "type": "github"
      }
    },
    "nixpkgs-lib_4": {
      "locked": {
        "lastModified": 1735774519,
        "narHash": "sha256-CewEm1o2eVAnoqb6Ml+Qi9Gg/EfNAxbRx1lANGVyoLI=",
        "type": "tarball",
        "url": "https://github.com/NixOS/nixpkgs/archive/e9b51731911566bbf7e4895475a87fe06961de0b.tar.gz"
      },
      "original": {
        "type": "tarball",
        "url": "https://github.com/NixOS/nixpkgs/archive/e9b51731911566bbf7e4895475a87fe06961de0b.tar.gz"
      }
    },
    "nixpkgs-stable": {
      "locked": {
        "lastModified": 1678872516,
        "narHash": "sha256-/E1YwtMtFAu2KUQKV/1+KFuReYPANM2Rzehk84VxVoc=",
        "owner": "NixOS",
        "repo": "nixpkgs",
        "rev": "9b8e5abb18324c7fe9f07cb100c3cd4a29cda8b8",
        "type": "github"
      },
      "original": {
        "owner": "NixOS",
        "ref": "nixos-22.11",
        "repo": "nixpkgs",
        "type": "github"
      }
    },
    "nixpkgs-stable_2": {
      "locked": {
        "lastModified": 1678872516,
        "narHash": "sha256-/E1YwtMtFAu2KUQKV/1+KFuReYPANM2Rzehk84VxVoc=",
        "owner": "NixOS",
        "repo": "nixpkgs",
        "rev": "9b8e5abb18324c7fe9f07cb100c3cd4a29cda8b8",
        "type": "github"
      },
      "original": {
        "owner": "NixOS",
        "ref": "nixos-22.11",
        "repo": "nixpkgs",
        "type": "github"
      }
    },
    "nixpkgs-stable_3": {
      "locked": {
        "lastModified": 1678872516,
        "narHash": "sha256-/E1YwtMtFAu2KUQKV/1+KFuReYPANM2Rzehk84VxVoc=",
        "owner": "NixOS",
        "repo": "nixpkgs",
        "rev": "9b8e5abb18324c7fe9f07cb100c3cd4a29cda8b8",
        "type": "github"
      },
      "original": {
        "owner": "NixOS",
        "ref": "nixos-22.11",
        "repo": "nixpkgs",
        "type": "github"
      }
    },
    "nixpkgs-stable_4": {
      "locked": {
        "lastModified": 1743703532,
        "narHash": "sha256-s1KLDALEeqy+ttrvqV3jx9mBZEvmthQErTVOAzbjHZs=",
        "owner": "nixos",
        "repo": "nixpkgs",
        "rev": "bdb91860de2f719b57eef819b5617762f7120c70",
        "type": "github"
      },
      "original": {
        "owner": "nixos",
        "ref": "nixos-24.11",
        "repo": "nixpkgs",
        "type": "github"
      }
    },
    "nixpkgs-zoom": {
      "locked": {
        "lastModified": 1733220138,
        "narHash": "sha256-Yh5XZ9yVurrcYdNTSWxYgW4+EJ0pcOqgM1043z9JaRc=",
        "owner": "NixOS",
        "repo": "nixpkgs",
        "rev": "bcb68885668cccec12276bbb379f8f2557aa06ce",
        "type": "github"
      },
      "original": {
        "owner": "NixOS",
        "repo": "nixpkgs",
        "rev": "bcb68885668cccec12276bbb379f8f2557aa06ce",
        "type": "github"
      }
    },
    "nixpkgs_2": {
      "locked": {
        "lastModified": 1681358109,
        "narHash": "sha256-eKyxW4OohHQx9Urxi7TQlFBTDWII+F+x2hklDOQPB50=",
        "owner": "nixos",
        "repo": "nixpkgs",
        "rev": "96ba1c52e54e74c3197f4d43026b3f3d92e83ff9",
        "type": "github"
      },
      "original": {
        "owner": "nixos",
        "ref": "nixpkgs-unstable",
        "repo": "nixpkgs",
        "type": "github"
      }
    },
    "nixpkgs_3": {
      "locked": {
        "lastModified": 1743583204,
        "narHash": "sha256-F7n4+KOIfWrwoQjXrL2wD9RhFYLs2/GGe/MQY1sSdlE=",
        "owner": "nixos",
        "repo": "nixpkgs",
        "rev": "2c8d3f48d33929642c1c12cd243df4cc7d2ce434",
        "type": "github"
      },
      "original": {
        "owner": "nixos",
        "ref": "nixos-unstable",
        "repo": "nixpkgs",
        "type": "github"
      }
    },
    "nvim-plugin-live-share": {
      "flake": false,
      "locked": {
        "lastModified": 1743511588,
        "narHash": "sha256-uI/563hnECDmHWW+4dPeU+ksUhnvUWfrKntMzP1Y/gI=",
        "owner": "azratul",
        "repo": "live-share.nvim",
        "rev": "6de47524c1bcdfc924bef519425812d67b0e319e",
        "type": "github"
      },
      "original": {
        "owner": "azratul",
        "repo": "live-share.nvim",
        "type": "github"
      }
    },
    "nvim-plugin-luasnip-latex-snippets": {
      "flake": false,
      "locked": {
        "lastModified": 1743463667,
        "narHash": "sha256-QWZIw/ZafnNa1j20TI361X9+x3nleZgBchiJ5tMw+Qw=",
        "owner": "iurimateus",
        "repo": "luasnip-latex-snippets.nvim",
        "rev": "498f4ba12d025487939d89b801647b44bb15676c",
        "type": "github"
      },
      "original": {
        "owner": "iurimateus",
        "repo": "luasnip-latex-snippets.nvim",
        "type": "github"
      }
    },
    "nvim-plugin-multicursor": {
      "flake": false,
      "locked": {
        "lastModified": 1742854584,
        "narHash": "sha256-Fe22VBABH7O8Ga+uXnByoz4rG+PVVf2lmyiaTb3ra3Y=",
        "owner": "jake-stewart",
        "repo": "multicursor.nvim",
        "rev": "7d3b16fbd86d0de77f7dc25bf2b923796eb37537",
        "type": "github"
      },
      "original": {
        "owner": "jake-stewart",
        "repo": "multicursor.nvim",
        "type": "github"
      }
    },
    "nvim-plugin-obsidian-bridge": {
      "flake": false,
      "locked": {
        "lastModified": 1740593125,
        "narHash": "sha256-RVX6VeKvn5XodwX4UIEBI/Bo6ogMwhA/zrEZN8Bm3j4=",
        "owner": "oflisback",
        "repo": "obsidian-bridge.nvim",
        "rev": "079f788c7df99b3063935249ff9ff6ddadd2b85a",
        "type": "github"
      },
      "original": {
        "owner": "oflisback",
        "repo": "obsidian-bridge.nvim",
        "type": "github"
      }
    },
    "nvim-plugin-r-nvim": {
      "flake": false,
      "locked": {
        "lastModified": 1739456040,
        "narHash": "sha256-rQGKiRIxL1ia4BfpdwWpmM2o93wzocn9TO/LL/49Uvk=",
        "owner": "R-nvim",
        "repo": "R.nvim",
        "rev": "6d3000fe41d891e4bf9f905578828a910f893c6f",
        "type": "github"
      },
      "original": {
        "owner": "R-nvim",
        "repo": "R.nvim",
        "rev": "6d3000fe41d891e4bf9f905578828a910f893c6f",
        "type": "github"
      }
    },
    "plates": {
      "inputs": {
        "flake-parts": "flake-parts_4",
        "nixpkgs": [
          "nixpkgs"
        ],
        "systems": "systems_4"
      },
      "locked": {
        "lastModified": 1743744815,
        "narHash": "sha256-5A+eWB3HSwt1b//37LTzhrbYjjsXBtH+HWVbsCSI0YM=",
        "owner": "Grazen0",
        "repo": "plates",
        "rev": "b57c8e0647e3806bbe6c20be1bc1fc2405cd4469",
        "type": "github"
      },
      "original": {
        "owner": "Grazen0",
        "repo": "plates",
        "type": "github"
      }
    },
    "ppick": {
      "inputs": {
        "flake-parts": "flake-parts_5",
        "nixpkgs": [
          "nixpkgs"
        ],
        "systems": "systems_5"
      },
      "locked": {
        "lastModified": 1742186450,
        "narHash": "sha256-QDmhm04qIOQQ+FwbZOwKMLBcM+2MlIn8aX7laNc/ds8=",
        "owner": "Grazen0",
        "repo": "ppick",
        "rev": "10a1f931ceeb2e4c783a1739cd02e4bae66df5de",
        "type": "github"
      },
      "original": {
        "owner": "Grazen0",
        "repo": "ppick",
        "type": "github"
      }
    },
    "pre-commit-hooks": {
      "inputs": {
        "flake-compat": "flake-compat_2",
        "flake-utils": "flake-utils_3",
        "gitignore": "gitignore",
        "nixpkgs": [
          "haskell-debug-adapter",
          "ghci-dap",
          "nixpkgs"
        ],
        "nixpkgs-stable": "nixpkgs-stable"
      },
      "locked": {
        "lastModified": 1681227715,
        "narHash": "sha256-kQZOoTa177VF5uk1JK7bA9ZTU5g6d5IuDp/6YdxUWao=",
        "owner": "cachix",
        "repo": "pre-commit-hooks.nix",
        "rev": "c77e64a5adab96866ea97449a5a7a327d4629828",
        "type": "github"
      },
      "original": {
        "owner": "cachix",
        "repo": "pre-commit-hooks.nix",
        "type": "github"
      }
    },
    "pre-commit-hooks_2": {
      "inputs": {
        "flake-compat": "flake-compat_3",
        "flake-utils": "flake-utils_5",
        "gitignore": "gitignore_2",
        "nixpkgs": [
          "haskell-debug-adapter",
          "haskell-dap",
          "nixpkgs"
        ],
        "nixpkgs-stable": "nixpkgs-stable_2"
      },
      "locked": {
        "lastModified": 1681227715,
        "narHash": "sha256-kQZOoTa177VF5uk1JK7bA9ZTU5g6d5IuDp/6YdxUWao=",
        "owner": "cachix",
        "repo": "pre-commit-hooks.nix",
        "rev": "c77e64a5adab96866ea97449a5a7a327d4629828",
        "type": "github"
      },
      "original": {
        "owner": "cachix",
        "repo": "pre-commit-hooks.nix",
        "type": "github"
      }
    },
    "pre-commit-hooks_3": {
      "inputs": {
        "flake-compat": "flake-compat_4",
        "flake-utils": "flake-utils_6",
        "gitignore": "gitignore_3",
        "nixpkgs": [
          "haskell-debug-adapter",
          "nixpkgs"
        ],
        "nixpkgs-stable": "nixpkgs-stable_3"
      },
      "locked": {
        "lastModified": 1682596858,
        "narHash": "sha256-Hf9XVpqaGqe/4oDGr30W8HlsWvJXtMsEPHDqHZA6dDg=",
        "owner": "cachix",
        "repo": "pre-commit-hooks.nix",
        "rev": "fb58866e20af98779017134319b5663b8215d912",
        "type": "github"
      },
      "original": {
        "owner": "cachix",
        "repo": "pre-commit-hooks.nix",
        "type": "github"
      }
    },
    "r-nvim": {
      "flake": false,
      "locked": {
        "lastModified": 1699634067,
        "narHash": "sha256-4xJ1vHhDLEMEZ53nSKDm6i0sp9rjTFv0xT/8fCT+ASI=",
        "owner": "devOpifex",
        "repo": "r.nvim",
        "rev": "bb1c66d0f1498561fbc3e60b429ad96263b730e8",
        "type": "github"
      },
      "original": {
        "owner": "devOpifex",
        "repo": "r.nvim",
        "type": "github"
      }
    },
    "ristate": {
      "flake": false,
      "locked": {
        "lastModified": 1674677391,
        "narHash": "sha256-dZqGoWgEV95+cN1aqJZfYx2B9dz9CJMaCdaRSqlHP24=",
        "owner": "ViniciusSSilva",
        "repo": "ristate",
        "rev": "dfeb9ad94ef445ec9b79741b344ebc42c67b2893",
        "type": "github"
      },
      "original": {
        "owner": "ViniciusSSilva",
        "repo": "ristate",
        "type": "github"
      }
    },
    "river-shifttags": {
      "inputs": {
        "flake-parts": "flake-parts_6",
        "nixpkgs": [
          "nixpkgs"
        ],
        "systems": "systems_6"
      },
      "locked": {
        "lastModified": 1738176011,
        "narHash": "sha256-z0QN1BnNrKBkOkq+v3xDRXXxqWZAk9SvAcbX8KaDnMw=",
        "owner": "Grazen0",
        "repo": "river-shifttags",
        "rev": "f5e096bbc5f31d70188ab6ad79922522c09e9fa5",
        "type": "gitlab"
      },
      "original": {
        "owner": "Grazen0",
        "repo": "river-shifttags",
        "type": "gitlab"
      }
    },
    "root": {
      "inputs": {
        "aphrodite-terminal-theme": "aphrodite-terminal-theme",
        "colorout": "colorout",
        "flake-parts": "flake-parts",
        "grkstyle": "grkstyle",
        "haskell-debug-adapter": "haskell-debug-adapter",
        "home-manager": "home-manager",
        "inkscape-figures": "inkscape-figures",
        "kanagawa-rstudio": "kanagawa-rstudio",
        "menu-qalc": "menu-qalc",
        "neovim-nightly-overlay": "neovim-nightly-overlay",
        "nixos-hardware": "nixos-hardware",
        "nixpkgs": "nixpkgs_3",
        "nixpkgs-stable": "nixpkgs-stable_4",
        "nixpkgs-zoom": "nixpkgs-zoom",
        "nvim-plugin-live-share": "nvim-plugin-live-share",
        "nvim-plugin-luasnip-latex-snippets": "nvim-plugin-luasnip-latex-snippets",
        "nvim-plugin-multicursor": "nvim-plugin-multicursor",
        "nvim-plugin-obsidian-bridge": "nvim-plugin-obsidian-bridge",
        "nvim-plugin-r-nvim": "nvim-plugin-r-nvim",
        "plates": "plates",
        "ppick": "ppick",
        "r-nvim": "r-nvim",
        "ristate": "ristate",
        "river-shifttags": "river-shifttags",
        "sops-nix": "sops-nix",
        "spicetify-nix": "spicetify-nix",
        "systems": "systems_8",
        "thorium-browser": "thorium-browser",
        "yazi-flavor-kanagawa": "yazi-flavor-kanagawa",
        "yazi-plugin-restore": "yazi-plugin-restore",
        "yazi-plugins": "yazi-plugins"
      }
    },
    "sops-nix": {
      "inputs": {
        "nixpkgs": [
          "nixpkgs"
        ]
      },
      "locked": {
        "lastModified": 1743756170,
        "narHash": "sha256-2b11EYa08oqDmF3zEBLkG1AoNn9rB1k39ew/T/mSvbU=",
        "owner": "Mic92",
        "repo": "sops-nix",
        "rev": "cff8437c5fe8c68fc3a840a21bf1f4dc801da40d",
        "type": "github"
      },
      "original": {
        "owner": "Mic92",
        "repo": "sops-nix",
        "type": "github"
      }
    },
    "spicetify-nix": {
      "inputs": {
        "nixpkgs": [
          "nixpkgs"
        ],
        "systems": "systems_7"
      },
      "locked": {
        "lastModified": 1743595372,
        "narHash": "sha256-e3x1mhpPpYgyyin9j/VbrBpOT5PFpEfx2hkxVZuJZhg=",
        "owner": "Gerg-L",
        "repo": "spicetify-nix",
        "rev": "543f12dd14c62ddee79ab79fbfd8726f312b89ff",
        "type": "github"
      },
      "original": {
        "owner": "Gerg-L",
        "repo": "spicetify-nix",
        "type": "github"
      }
    },
    "systems": {
      "locked": {
        "lastModified": 1681028828,
        "narHash": "sha256-Vy1rq5AaRuLzOxct8nz4T6wlgyUR7zLU309k9mBC768=",
        "owner": "nix-systems",
        "repo": "default",
        "rev": "da67096a3b9bf56a91d16901293e51ba5b49a27e",
        "type": "github"
      },
      "original": {
        "owner": "nix-systems",
        "repo": "default",
        "type": "github"
      }
    },
    "systems_2": {
      "locked": {
        "lastModified": 1681028828,
        "narHash": "sha256-Vy1rq5AaRuLzOxct8nz4T6wlgyUR7zLU309k9mBC768=",
        "owner": "nix-systems",
        "repo": "default",
        "rev": "da67096a3b9bf56a91d16901293e51ba5b49a27e",
        "type": "github"
      },
      "original": {
        "owner": "nix-systems",
        "repo": "default",
        "type": "github"
      }
    },
    "systems_3": {
      "locked": {
        "lastModified": 1681028828,
        "narHash": "sha256-Vy1rq5AaRuLzOxct8nz4T6wlgyUR7zLU309k9mBC768=",
        "owner": "nix-systems",
        "repo": "default",
        "rev": "da67096a3b9bf56a91d16901293e51ba5b49a27e",
        "type": "github"
      },
      "original": {
        "owner": "nix-systems",
        "repo": "default",
        "type": "github"
      }
    },
    "systems_4": {
      "locked": {
        "lastModified": 1681028828,
        "narHash": "sha256-Vy1rq5AaRuLzOxct8nz4T6wlgyUR7zLU309k9mBC768=",
        "owner": "nix-systems",
        "repo": "default",
        "rev": "da67096a3b9bf56a91d16901293e51ba5b49a27e",
        "type": "github"
      },
      "original": {
        "owner": "nix-systems",
        "repo": "default",
        "type": "github"
      }
    },
    "systems_5": {
      "locked": {
        "lastModified": 1681028828,
        "narHash": "sha256-Vy1rq5AaRuLzOxct8nz4T6wlgyUR7zLU309k9mBC768=",
        "owner": "nix-systems",
        "repo": "default",
        "rev": "da67096a3b9bf56a91d16901293e51ba5b49a27e",
        "type": "github"
      },
      "original": {
        "owner": "nix-systems",
        "repo": "default",
        "type": "github"
      }
    },
    "systems_6": {
      "locked": {
        "lastModified": 1681028828,
        "narHash": "sha256-Vy1rq5AaRuLzOxct8nz4T6wlgyUR7zLU309k9mBC768=",
        "owner": "nix-systems",
        "repo": "default",
        "rev": "da67096a3b9bf56a91d16901293e51ba5b49a27e",
        "type": "github"
      },
      "original": {
        "owner": "nix-systems",
        "repo": "default",
        "type": "github"
      }
    },
    "systems_7": {
      "locked": {
        "lastModified": 1681028828,
        "narHash": "sha256-Vy1rq5AaRuLzOxct8nz4T6wlgyUR7zLU309k9mBC768=",
        "owner": "nix-systems",
        "repo": "default",
        "rev": "da67096a3b9bf56a91d16901293e51ba5b49a27e",
        "type": "github"
      },
      "original": {
        "owner": "nix-systems",
        "repo": "default",
        "type": "github"
      }
    },
    "systems_8": {
      "locked": {
        "lastModified": 1689347949,
        "narHash": "sha256-12tWmuL2zgBgZkdoB6qXZsgJEH9LR3oUgpaQq2RbI80=",
        "owner": "nix-systems",
        "repo": "default-linux",
        "rev": "31732fcf5e8fea42e59c2488ad31a0e651500f68",
        "type": "github"
      },
      "original": {
        "owner": "nix-systems",
        "repo": "default-linux",
        "type": "github"
      }
    },
    "systems_9": {
      "locked": {
        "lastModified": 1681028828,
        "narHash": "sha256-Vy1rq5AaRuLzOxct8nz4T6wlgyUR7zLU309k9mBC768=",
        "owner": "nix-systems",
        "repo": "default",
        "rev": "da67096a3b9bf56a91d16901293e51ba5b49a27e",
        "type": "github"
      },
      "original": {
        "owner": "nix-systems",
        "repo": "default",
        "type": "github"
      }
    },
    "thorium-browser": {
      "inputs": {
        "flake-utils": "flake-utils_7",
        "nixpkgs": [
          "nixpkgs"
        ]
      },
      "locked": {
        "lastModified": 1697730842,
        "narHash": "sha256-/4kNR3THszkXZ9BBF7751IUyKGQ7Fr7WhRm+0gPS1cI=",
        "ref": "refs/heads/main",
        "rev": "86cec724198117879293fe5506309dca53d75278",
        "revCount": 3,
        "type": "git",
        "url": "https://codeberg.org/Tomkoid/thorium-browser-nix"
      },
      "original": {
        "type": "git",
        "url": "https://codeberg.org/Tomkoid/thorium-browser-nix"
      }
    },
    "treefmt-nix": {
      "inputs": {
        "nixpkgs": [
          "neovim-nightly-overlay",
          "nixpkgs"
        ]
      },
      "locked": {
        "lastModified": 1743748085,
        "narHash": "sha256-uhjnlaVTWo5iD3LXics1rp9gaKgDRQj6660+gbUU3cE=",
        "owner": "numtide",
        "repo": "treefmt-nix",
        "rev": "815e4121d6a5d504c0f96e5be2dd7f871e4fd99d",
        "type": "github"
      },
      "original": {
        "owner": "numtide",
        "repo": "treefmt-nix",
        "type": "github"
      }
    },
    "yazi-flavor-kanagawa": {
      "flake": false,
      "locked": {
        "lastModified": 1740321321,
        "narHash": "sha256-phwGd1i/n0mZH/7Ukf1FXwVgYRbXQEWlNRPCrmR5uNk=",
        "owner": "dangooddd",
        "repo": "kanagawa.yazi",
        "rev": "31167ed54c9cc935b2fa448d64d367b1e5a1105d",
        "type": "github"
      },
      "original": {
        "owner": "dangooddd",
        "repo": "kanagawa.yazi",
        "type": "github"
      }
    },
    "yazi-plugin-restore": {
      "flake": false,
      "locked": {
        "lastModified": 1743823742,
        "narHash": "sha256-3Z8P25u9bffdjrPjxLRWUQn6MdBS+vyElUBkgV4EUwY=",
        "owner": "boydaihungst",
        "repo": "restore.yazi",
        "rev": "328dd888c1e2b9b0cb5dc806f099e3164e179620",
        "type": "github"
      },
      "original": {
        "owner": "boydaihungst",
        "repo": "restore.yazi",
        "type": "github"
      }
    },
    "yazi-plugins": {
      "flake": false,
      "locked": {
        "lastModified": 1742369805,
        "narHash": "sha256-80mR86UWgD11XuzpVNn56fmGRkvj0af2cFaZkU8M31I=",
        "owner": "yazi-rs",
        "repo": "plugins",
        "rev": "273019910c1111a388dd20e057606016f4bd0d17",
        "type": "github"
      },
      "original": {
        "owner": "yazi-rs",
        "repo": "plugins",
        "rev": "273019910c1111a388dd20e057606016f4bd0d17",
        "type": "github"
      }
    }
  },
  "root": "root",
  "version": 7
}
